
Microsoft Visual Studio Solution File, Format Version 12.00
# Visual Studio Version 17
VisualStudioVersion = 17.13.35931.197
MinimumVisualStudioVersion = 10.0.40219.1
Project("{FAE04EC0-301F-11D3-BF4B-00C04F79EFBC}") = "PatientService.API", "PatientService.API.csproj", "{C013014E-5B2A-4718-B7D0-751F5E104D4A}"
EndProject
Project("{FAE04EC0-301F-11D3-BF4B-00C04F79EFBC}") = "PatientService.Core", "..\PatientService.Core\PatientService.Core.csproj", "{F294D6BA-4615-858B-6503-FE9F1388A096}"
EndProject
Project("{FAE04EC0-301F-11D3-BF4B-00C04F79EFBC}") = "PatientService.Infrastructure", "..\PatientService.Infrastructure\PatientService.Infrastructure.csproj", "{B3D5DB0E-887C-DD98-C8F1-E8835653A6E6}"
EndProject
Global
	GlobalSection(SolutionConfigurationPlatforms) = preSolution
		Debug|Any CPU = Debug|Any CPU
		Release|Any CPU = Release|Any CPU
	EndGlobalSection
	GlobalSection(ProjectConfigurationPlatforms) = postSolution
		{C013014E-5B2A-4718-B7D0-751F5E104D4A}.Debug|Any CPU.ActiveCfg = Debug|Any CPU
		{C013014E-5B2A-4718-B7D0-751F5E104D4A}.Debug|Any CPU.Build.0 = Debug|Any CPU
		{C013014E-5B2A-4718-B7D0-751F5E104D4A}.Release|Any CPU.ActiveCfg = Release|Any CPU
		{C013014E-5B2A-4718-B7D0-751F5E104D4A}.Release|Any CPU.Build.0 = Release|Any CPU
		{F294D6BA-4615-858B-6503-FE9F1388A096}.Debug|Any CPU.ActiveCfg = Debug|Any CPU
		{F294D6BA-4615-858B-6503-FE9F1388A096}.Debug|Any CPU.Build.0 = Debug|Any CPU
		{F294D6BA-4615-858B-6503-FE9F1388A096}.Release|Any CPU.ActiveCfg = Release|Any CPU
		{F294D6BA-4615-858B-6503-FE9F1388A096}.Release|Any CPU.Build.0 = Release|Any CPU
		{B3D5DB0E-887C-DD98-C8F1-E8835653A6E6}.Debug|Any CPU.ActiveCfg = Debug|Any CPU
		{B3D5DB0E-887C-DD98-C8F1-E8835653A6E6}.Debug|Any CPU.Build.0 = Debug|Any CPU
		{B3D5DB0E-887C-DD98-C8F1-E8835653A6E6}.Release|Any CPU.ActiveCfg = Release|Any CPU
		{B3D5DB0E-887C-DD98-C8F1-E8835653A6E6}.Release|Any CPU.Build.0 = Release|Any CPU
	EndGlobalSection
	GlobalSection(SolutionProperties) = preSolution
		HideSolutionNode = FALSE
	EndGlobalSection
	GlobalSection(ExtensibilityGlobals) = postSolution
		SolutionGuid = {3C534FDA-21E3-442D-AD5E-DBBDC26B0E25}
	EndGlobalSection
EndGlobal
